{
  "name": "@ucd-lib/cork-search-box",
  "version": "1.0.0",
  "lockfileVersion": 1,
  "requires": true,
  "dependencies": {
    "@polymer/font-roboto": {
      "version": "3.0.0-pre.19",
      "resolved": "https://registry.npmjs.org/@polymer/font-roboto/-/font-roboto-3.0.0-pre.19.tgz",
      "integrity": "sha512-brLUbgLGzBVNlmHhpDHnWdPI6KNkHmTjtX+82dvHpeuUjPsey2uH4fFofWC+m29/yxY+GH5RGv493AfRUDcokQ=="
    },
    "@polymer/iron-a11y-keys-behavior": {
      "version": "3.0.0-pre.19",
      "resolved": "https://registry.npmjs.org/@polymer/iron-a11y-keys-behavior/-/iron-a11y-keys-behavior-3.0.0-pre.19.tgz",
      "integrity": "sha512-jti4YDsjxTny2AJJxAQ89Gwq7+AMblOZLWBOQiciqDuRdj+nEelf227DAUwIejoII6cYQCV/Knw+Qit5zZx2kQ==",
      "requires": {
        "@polymer/polymer": "^3.0.0"
      }
    },
    "@polymer/iron-behaviors": {
      "version": "3.0.0-pre.19",
      "resolved": "https://registry.npmjs.org/@polymer/iron-behaviors/-/iron-behaviors-3.0.0-pre.19.tgz",
      "integrity": "sha512-pxiCO2sN5by1Xmx9aVG9+t/Mpx7HRVXPUt1Aj8qxgF6lE+LlkiHWtOkl1WYqeun1F4Yh38x5LztWnCUvxe5sEw==",
      "requires": {
        "@polymer/iron-a11y-keys-behavior": "^3.0.0-pre.19",
        "@polymer/polymer": "^3.0.0"
      }
    },
    "@polymer/iron-checked-element-behavior": {
      "version": "3.0.0-pre.19",
      "resolved": "https://registry.npmjs.org/@polymer/iron-checked-element-behavior/-/iron-checked-element-behavior-3.0.0-pre.19.tgz",
      "integrity": "sha512-NEEaAhjtGvSffeqep2a0GXpTqc0K3wcgO1lR5NAMOQjNcnbh62twdkTPJyw1EGs9l+PL0IpepUAYTOI305MWXg==",
      "requires": {
        "@polymer/iron-form-element-behavior": "^3.0.0-pre.19",
        "@polymer/iron-validatable-behavior": "^3.0.0-pre.19",
        "@polymer/polymer": "^3.0.0"
      }
    },
    "@polymer/iron-flex-layout": {
      "version": "3.0.0-pre.19",
      "resolved": "https://registry.npmjs.org/@polymer/iron-flex-layout/-/iron-flex-layout-3.0.0-pre.19.tgz",
      "integrity": "sha512-EZ25vUjmZXLc0hKJj338Ec1fQwemBsfe+Zo5d6ThzJzoSq72uGlZ8deLYNiAhIw6UZZxWttXcN6c/2kZ4qV18A==",
      "requires": {
        "@polymer/polymer": "^3.0.0"
      }
    },
    "@polymer/iron-form-element-behavior": {
      "version": "3.0.0-pre.19",
      "resolved": "https://registry.npmjs.org/@polymer/iron-form-element-behavior/-/iron-form-element-behavior-3.0.0-pre.19.tgz",
      "integrity": "sha512-ZiJ65MFcuFk2kJZqgY8ogspeV8mcrhlIOkwSaT/RWkhakeQ5WZ3++jhmjmNVQqUbYBPr0eLtZQp/TqGjd1UGyg==",
      "requires": {
        "@polymer/polymer": "^3.0.0"
      }
    },
    "@polymer/iron-icon": {
      "version": "3.0.0-pre.19",
      "resolved": "https://registry.npmjs.org/@polymer/iron-icon/-/iron-icon-3.0.0-pre.19.tgz",
      "integrity": "sha512-bXL8xib8qoX/R91iAWp69lgwZa+S6lGPMmqIU4H6iFn2o5N9MlNppP45oyxgxm7OX6XNa7RMMTfKyQ2y9wcLoQ==",
      "requires": {
        "@polymer/iron-flex-layout": "^3.0.0-pre.19",
        "@polymer/iron-meta": "^3.0.0-pre.19",
        "@polymer/polymer": "^3.0.0"
      }
    },
    "@polymer/iron-icons": {
      "version": "3.0.0-pre.19",
      "resolved": "https://registry.npmjs.org/@polymer/iron-icons/-/iron-icons-3.0.0-pre.19.tgz",
      "integrity": "sha512-mHHtyeDQVjALgRMogLIAOpdMQoa3it2f+xWH+C2trZDlJH7BNILX2Aq9qQlxf1EJFTwbWQJOCVc06XdkD451mQ==",
      "requires": {
        "@polymer/iron-icon": "^3.0.0-pre.19",
        "@polymer/iron-iconset-svg": "^3.0.0-pre.19",
        "@polymer/polymer": "^3.0.0"
      }
    },
    "@polymer/iron-iconset-svg": {
      "version": "3.0.0-pre.19",
      "resolved": "https://registry.npmjs.org/@polymer/iron-iconset-svg/-/iron-iconset-svg-3.0.0-pre.19.tgz",
      "integrity": "sha512-3MvRYvcbx/fkrFlGDVpPoUqX0l87EbNJT4Uaj36ZjMo/TbWtfZ8tYSaM/tWqhPnOLTjQgDNpWkVq3mEwLFIljg==",
      "requires": {
        "@polymer/iron-meta": "^3.0.0-pre.19",
        "@polymer/polymer": "^3.0.0"
      }
    },
    "@polymer/iron-meta": {
      "version": "3.0.0-pre.19",
      "resolved": "https://registry.npmjs.org/@polymer/iron-meta/-/iron-meta-3.0.0-pre.19.tgz",
      "integrity": "sha512-rZk6W37srfnB1MqlYq3sbg/mZiGSYf/xpjc7xf7uJUUvX+oe0o65o4T4b1BwthVE6uqffO43p2MjFt2kDXDrjA==",
      "requires": {
        "@polymer/polymer": "^3.0.0"
      }
    },
    "@polymer/iron-validatable-behavior": {
      "version": "3.0.0-pre.19",
      "resolved": "https://registry.npmjs.org/@polymer/iron-validatable-behavior/-/iron-validatable-behavior-3.0.0-pre.19.tgz",
      "integrity": "sha512-lUC48m8u4+eLxcGJbaIYr3HQepP1Bn9bVeEfrVa3PlUHVkqdj8xOYxtI2fBm1UxQpmxA+I0KWwbL9zqpD1ozuA==",
      "requires": {
        "@polymer/iron-meta": "^3.0.0-pre.19",
        "@polymer/polymer": "^3.0.0"
      }
    },
    "@polymer/paper-behaviors": {
      "version": "3.0.0-pre.19",
      "resolved": "https://registry.npmjs.org/@polymer/paper-behaviors/-/paper-behaviors-3.0.0-pre.19.tgz",
      "integrity": "sha512-j3/5AstflXixK3qCInVcREEm9Wz/Ay0/xAqzKI7Hz9FvOWhsbl64f+4FJTcdaKhXpb0dXbl5hPsqsf7cN+CQOg==",
      "requires": {
        "@polymer/iron-behaviors": "^3.0.0-pre.19",
        "@polymer/iron-checked-element-behavior": "^3.0.0-pre.19",
        "@polymer/paper-ripple": "^3.0.0-pre.19",
        "@polymer/polymer": "^3.0.0"
      }
    },
    "@polymer/paper-button": {
      "version": "3.0.0-pre.19",
      "resolved": "https://registry.npmjs.org/@polymer/paper-button/-/paper-button-3.0.0-pre.19.tgz",
      "integrity": "sha512-bhjq3b4ExLhQaV7nbwXvUZNRx/hKRykAK9NAyJWWUb+9UJlA/ah41zIivSy+jO7/NzH7wFgXXWQGlcMWsJTnxg==",
      "requires": {
        "@polymer/iron-flex-layout": "^3.0.0-pre.19",
        "@polymer/paper-behaviors": "^3.0.0-pre.19",
        "@polymer/paper-styles": "^3.0.0-pre.19",
        "@polymer/polymer": "^3.0.0"
      }
    },
    "@polymer/paper-ripple": {
      "version": "3.0.0-pre.19",
      "resolved": "https://registry.npmjs.org/@polymer/paper-ripple/-/paper-ripple-3.0.0-pre.19.tgz",
      "integrity": "sha512-VpaTIVf8p39ARrUffeXv+C8xCKpM9tZdVlkYBXrvvHe1ERO995BW8i71p34yarYJccbl2SZq1qhdiNLZALqTNw==",
      "requires": {
        "@polymer/iron-a11y-keys-behavior": "^3.0.0-pre.19",
        "@polymer/polymer": "^3.0.0"
      }
    },
    "@polymer/paper-styles": {
      "version": "3.0.0-pre.19",
      "resolved": "https://registry.npmjs.org/@polymer/paper-styles/-/paper-styles-3.0.0-pre.19.tgz",
      "integrity": "sha512-ASspmHr6GJjDiPxOVsqR2mFSQim13nGy03iLeyBXxX9QQa1rXI6r16/HShBvg8MrncQSRRUHqkFCfRWO3CKpwA==",
      "requires": {
        "@polymer/font-roboto": "^3.0.0-pre.19",
        "@polymer/iron-flex-layout": "^3.0.0-pre.19",
        "@polymer/polymer": "^3.0.0"
      }
    },
    "@polymer/polymer": {
      "version": "3.0.2",
      "resolved": "https://registry.npmjs.org/@polymer/polymer/-/polymer-3.0.2.tgz",
      "integrity": "sha512-ow8AAjTe9ps8bantY9IvL0PT+xHf5VN3Cjahfr7gBJAc0lv3jTwGBv7pso65SHyrUJEEHeakhx6iPMl7qY4tfw==",
      "requires": {
        "@webcomponents/shadycss": "^1.2.0"
      }
    },
    "@webcomponents/shadycss": {
      "version": "1.2.1",
      "resolved": "https://registry.npmjs.org/@webcomponents/shadycss/-/shadycss-1.2.1.tgz",
      "integrity": "sha512-ZnjFb1Wf81CqMgs1dbT6JT6N4nY32bs2r5YC/5GSIb/ozJGR+UYs3ldJxtk1v5uZzPRIsAWv7wYSJcCp6ml8+A=="
    }
  }
}
